{
  "name": "examples",
  "version": "1.0.0",
  "lockfileVersion": 2,
  "requires": true,
  "packages": {
    "": {
      "version": "1.0.0",
      "license": "ISC",
      "dependencies": {
        "@memserver/model": "2.5.0",
        "@memserver/server": "2.5.0",
        "jquery": "^3.5.1"
      }
    },
    "node_modules/@emberx/string": {
      "version": "0.0.11",
      "resolved": "https://registry.npmjs.org/@emberx/string/-/string-0.0.11.tgz",
      "integrity": "sha512-alTPe6yXAKYvVR5rR0/j7l0XsrkXL9WrO5g9i+DJDiEp7/jzvJlmYwPgMZ1p884CNvgfFMx/L5W9DI8vBmypHw=="
    },
    "node_modules/@memserver/model": {
      "version": "2.5.0",
      "resolved": "https://registry.npmjs.org/@memserver/model/-/model-2.5.0.tgz",
      "integrity": "sha512-Gd7BlzOW1506dRkVCS0uVeCp5uiaUzd9KGDE4kDECLNA+wc6Q12oIRS4uF+bUOJLG817eaGL+2FzcGuU6rf+5A==",
      "dependencies": {
        "inflected": "^2.1.0",
        "kleur": "4.1.4",
        "object-inspect": "^1.10.3"
      }
    },
    "node_modules/@memserver/server": {
      "version": "2.5.0",
      "resolved": "https://registry.npmjs.org/@memserver/server/-/server-2.5.0.tgz",
      "integrity": "sha512-Msuv4W0JZ/V5URen7TK57qfLYiqWuCy/CfVZeSU/eXjK5Qfg1LjKEqqFL9OPWU+I8mqeK6qSKHAANzh5d6Aujw==",
      "dependencies": {
        "@emberx/string": "^0.0.11",
        "fake-xml-http-request": "^2.1.2",
        "inflected": "^2.1.0",
        "kleur": "4.1.4",
        "pretender": "^3.4.3",
        "route-recognizer": "^0.3.4"
      }
    },
    "node_modules/fake-xml-http-request": {
      "version": "2.1.2",
      "resolved": "https://registry.npmjs.org/fake-xml-http-request/-/fake-xml-http-request-2.1.2.tgz",
      "integrity": "sha512-HaFMBi7r+oEC9iJNpc3bvcW7Z7iLmM26hPDmlb0mFwyANSsOQAtJxbdWsXITKOzZUyMYK0zYCv3h5yDj9TsiXg=="
    },
    "node_modules/inflected": {
      "version": "2.1.0",
      "resolved": "https://registry.npmjs.org/inflected/-/inflected-2.1.0.tgz",
      "integrity": "sha512-hAEKNxvHf2Iq3H60oMBHkB4wl5jn3TPF3+fXek/sRwAB5gP9xWs4r7aweSF95f99HFoz69pnZTcu8f0SIHV18w=="
    },
    "node_modules/jquery": {
      "version": "3.6.0",
      "resolved": "https://registry.npmjs.org/jquery/-/jquery-3.6.0.tgz",
      "integrity": "sha512-JVzAR/AjBvVt2BmYhxRCSYysDsPcssdmTFnzyLEts9qNwmjmu4JTAMYubEfwVOSwpQ1I1sKKFcxhZCI2buerfw=="
    },
    "node_modules/kleur": {
      "version": "4.1.4",
      "resolved": "https://registry.npmjs.org/kleur/-/kleur-4.1.4.tgz",
      "integrity": "sha512-8QADVssbrFjivHWQU7KkMgptGTl6WAcSdlbBPY4uNF+mWr6DGcKrvY2w4FQJoXch7+fKMjj0dRrL75vk3k23OA==",
      "engines": {
        "node": ">=6"
      }
    },
    "node_modules/object-inspect": {
      "version": "1.10.3",
      "resolved": "https://registry.npmjs.org/object-inspect/-/object-inspect-1.10.3.tgz",
      "integrity": "sha512-e5mCJlSH7poANfC8z8S9s9S2IN5/4Zb3aZ33f5s8YqoazCFzNLloLU8r5VCG+G7WoqLvAAZoVMcy3tp/3X0Plw==",
      "funding": {
        "url": "https://github.com/sponsors/ljharb"
      }
    },
    "node_modules/pretender": {
      "version": "3.4.3",
      "resolved": "https://registry.npmjs.org/pretender/-/pretender-3.4.3.tgz",
      "integrity": "sha512-AlbkBly9R8KR+R0sTCJ/ToOeEoUMtt52QVCetui5zoSmeLOU3S8oobFsyPLm1O2txR6t58qDNysqPnA1vVi8Hg==",
      "dependencies": {
        "fake-xml-http-request": "^2.1.1",
        "route-recognizer": "^0.3.3"
      }
    },
    "node_modules/route-recognizer": {
      "version": "0.3.4",
      "resolved": "https://registry.npmjs.org/route-recognizer/-/route-recognizer-0.3.4.tgz",
      "integrity": "sha512-2+MhsfPhvauN1O8KaXpXAOfR/fwe8dnUXVM+xw7yt40lJRfPVQxV6yryZm0cgRvAj5fMF/mdRZbL2ptwbs5i2g=="
    }
  },
  "dependencies": {
    "@emberx/string": {
      "version": "0.0.11",
      "resolved": "https://registry.npmjs.org/@emberx/string/-/string-0.0.11.tgz",
      "integrity": "sha512-alTPe6yXAKYvVR5rR0/j7l0XsrkXL9WrO5g9i+DJDiEp7/jzvJlmYwPgMZ1p884CNvgfFMx/L5W9DI8vBmypHw=="
    },
    "@memserver/model": {
      "version": "2.5.0",
      "resolved": "https://registry.npmjs.org/@memserver/model/-/model-2.5.0.tgz",
      "integrity": "sha512-Gd7BlzOW1506dRkVCS0uVeCp5uiaUzd9KGDE4kDECLNA+wc6Q12oIRS4uF+bUOJLG817eaGL+2FzcGuU6rf+5A==",
      "requires": {
        "inflected": "^2.1.0",
        "kleur": "4.1.4",
        "object-inspect": "^1.10.3"
      }
    },
    "@memserver/server": {
      "version": "2.5.0",
      "resolved": "https://registry.npmjs.org/@memserver/server/-/server-2.5.0.tgz",
      "integrity": "sha512-Msuv4W0JZ/V5URen7TK57qfLYiqWuCy/CfVZeSU/eXjK5Qfg1LjKEqqFL9OPWU+I8mqeK6qSKHAANzh5d6Aujw==",
      "requires": {
        "@emberx/string": "^0.0.11",
        "fake-xml-http-request": "^2.1.2",
        "inflected": "^2.1.0",
        "kleur": "4.1.4",
        "pretender": "^3.4.3",
        "route-recognizer": "^0.3.4"
      }
    },
    "fake-xml-http-request": {
      "version": "2.1.2",
      "resolved": "https://registry.npmjs.org/fake-xml-http-request/-/fake-xml-http-request-2.1.2.tgz",
      "integrity": "sha512-HaFMBi7r+oEC9iJNpc3bvcW7Z7iLmM26hPDmlb0mFwyANSsOQAtJxbdWsXITKOzZUyMYK0zYCv3h5yDj9TsiXg=="
    },
    "inflected": {
      "version": "2.1.0",
      "resolved": "https://registry.npmjs.org/inflected/-/inflected-2.1.0.tgz",
      "integrity": "sha512-hAEKNxvHf2Iq3H60oMBHkB4wl5jn3TPF3+fXek/sRwAB5gP9xWs4r7aweSF95f99HFoz69pnZTcu8f0SIHV18w=="
    },
    "jquery": {
      "version": "3.6.0",
      "resolved": "https://registry.npmjs.org/jquery/-/jquery-3.6.0.tgz",
      "integrity": "sha512-JVzAR/AjBvVt2BmYhxRCSYysDsPcssdmTFnzyLEts9qNwmjmu4JTAMYubEfwVOSwpQ1I1sKKFcxhZCI2buerfw=="
    },
    "kleur": {
      "version": "4.1.4",
      "resolved": "https://registry.npmjs.org/kleur/-/kleur-4.1.4.tgz",
      "integrity": "sha512-8QADVssbrFjivHWQU7KkMgptGTl6WAcSdlbBPY4uNF+mWr6DGcKrvY2w4FQJoXch7+fKMjj0dRrL75vk3k23OA=="
    },
    "object-inspect": {
      "version": "1.10.3",
      "resolved": "https://registry.npmjs.org/object-inspect/-/object-inspect-1.10.3.tgz",
      "integrity": "sha512-e5mCJlSH7poANfC8z8S9s9S2IN5/4Zb3aZ33f5s8YqoazCFzNLloLU8r5VCG+G7WoqLvAAZoVMcy3tp/3X0Plw=="
    },
    "pretender": {
      "version": "3.4.3",
      "resolved": "https://registry.npmjs.org/pretender/-/pretender-3.4.3.tgz",
      "integrity": "sha512-AlbkBly9R8KR+R0sTCJ/ToOeEoUMtt52QVCetui5zoSmeLOU3S8oobFsyPLm1O2txR6t58qDNysqPnA1vVi8Hg==",
      "requires": {
        "fake-xml-http-request": "^2.1.1",
        "route-recognizer": "^0.3.3"
      }
    },
    "route-recognizer": {
      "version": "0.3.4",
      "resolved": "https://registry.npmjs.org/route-recognizer/-/route-recognizer-0.3.4.tgz",
      "integrity": "sha512-2+MhsfPhvauN1O8KaXpXAOfR/fwe8dnUXVM+xw7yt40lJRfPVQxV6yryZm0cgRvAj5fMF/mdRZbL2ptwbs5i2g=="
    }
  }
}
